
Microsoft Visual Studio Solution File, Format Version 12.00
# TcXaeShell Solution File, Format Version 11.00
VisualStudioVersion = 17.7.34302.85
MinimumVisualStudioVersion = 10.0.40219.1
Project("{B1E792BE-AA5F-4E3C-8C82-674BF9C0715B}") = "TwinCAT Project1", "TwinCAT Project1.tsproj", "{632B1F5F-AA30-43E3-BCE5-9874EEC07F8F}"
EndProject
Global
	GlobalSection(SolutionConfigurationPlatforms) = preSolution
		Debug|TwinCAT OS (ARMV7-A) = Debug|TwinCAT OS (ARMV7-A)
		Debug|TwinCAT OS (ARMV7-M) = Debug|TwinCAT OS (ARMV7-M)
		Debug|TwinCAT OS (ARMV8-A) = Debug|TwinCAT OS (ARMV8-A)
		Debug|TwinCAT OS (x64) = Debug|TwinCAT OS (x64)
		Debug|TwinCAT RT (x64) = Debug|TwinCAT RT (x64)
		Debug|TwinCAT RT (x86) = Debug|TwinCAT RT (x86)
		Release|TwinCAT OS (ARMV7-A) = Release|TwinCAT OS (ARMV7-A)
		Release|TwinCAT OS (ARMV7-M) = Release|TwinCAT OS (ARMV7-M)
		Release|TwinCAT OS (ARMV8-A) = Release|TwinCAT OS (ARMV8-A)
		Release|TwinCAT OS (x64) = Release|TwinCAT OS (x64)
		Release|TwinCAT RT (x64) = Release|TwinCAT RT (x64)
		Release|TwinCAT RT (x86) = Release|TwinCAT RT (x86)
	EndGlobalSection
	GlobalSection(ProjectConfigurationPlatforms) = postSolution
		{632B1F5F-AA30-43E3-BCE5-9874EEC07F8F}.Debug|TwinCAT OS (ARMV7-A).ActiveCfg = Debug|TwinCAT OS (ARMV7-A)
		{632B1F5F-AA30-43E3-BCE5-9874EEC07F8F}.Debug|TwinCAT OS (ARMV7-A).Build.0 = Debug|TwinCAT OS (ARMV7-A)
		{632B1F5F-AA30-43E3-BCE5-9874EEC07F8F}.Debug|TwinCAT OS (ARMV7-M).ActiveCfg = Debug|TwinCAT OS (ARMV7-M)
		{632B1F5F-AA30-43E3-BCE5-9874EEC07F8F}.Debug|TwinCAT OS (ARMV7-M).Build.0 = Debug|TwinCAT OS (ARMV7-M)
		{632B1F5F-AA30-43E3-BCE5-9874EEC07F8F}.Debug|TwinCAT OS (ARMV8-A).ActiveCfg = Debug|TwinCAT OS (ARMV8-A)
		{632B1F5F-AA30-43E3-BCE5-9874EEC07F8F}.Debug|TwinCAT OS (ARMV8-A).Build.0 = Debug|TwinCAT OS (ARMV8-A)
		{632B1F5F-AA30-43E3-BCE5-9874EEC07F8F}.Debug|TwinCAT OS (x64).ActiveCfg = Debug|TwinCAT OS (x64)
		{632B1F5F-AA30-43E3-BCE5-9874EEC07F8F}.Debug|TwinCAT OS (x64).Build.0 = Debug|TwinCAT OS (x64)
		{632B1F5F-AA30-43E3-BCE5-9874EEC07F8F}.Debug|TwinCAT RT (x64).ActiveCfg = Debug|TwinCAT RT (x64)
		{632B1F5F-AA30-43E3-BCE5-9874EEC07F8F}.Debug|TwinCAT RT (x64).Build.0 = Debug|TwinCAT RT (x64)
		{632B1F5F-AA30-43E3-BCE5-9874EEC07F8F}.Debug|TwinCAT RT (x86).ActiveCfg = Debug|TwinCAT RT (x86)
		{632B1F5F-AA30-43E3-BCE5-9874EEC07F8F}.Debug|TwinCAT RT (x86).Build.0 = Debug|TwinCAT RT (x86)
		{632B1F5F-AA30-43E3-BCE5-9874EEC07F8F}.Release|TwinCAT OS (ARMV7-A).ActiveCfg = Release|TwinCAT OS (ARMV7-A)
		{632B1F5F-AA30-43E3-BCE5-9874EEC07F8F}.Release|TwinCAT OS (ARMV7-A).Build.0 = Release|TwinCAT OS (ARMV7-A)
		{632B1F5F-AA30-43E3-BCE5-9874EEC07F8F}.Release|TwinCAT OS (ARMV7-M).ActiveCfg = Release|TwinCAT OS (ARMV7-M)
		{632B1F5F-AA30-43E3-BCE5-9874EEC07F8F}.Release|TwinCAT OS (ARMV7-M).Build.0 = Release|TwinCAT OS (ARMV7-M)
		{632B1F5F-AA30-43E3-BCE5-9874EEC07F8F}.Release|TwinCAT OS (ARMV8-A).ActiveCfg = Release|TwinCAT OS (ARMV8-A)
		{632B1F5F-AA30-43E3-BCE5-9874EEC07F8F}.Release|TwinCAT OS (ARMV8-A).Build.0 = Release|TwinCAT OS (ARMV8-A)
		{632B1F5F-AA30-43E3-BCE5-9874EEC07F8F}.Release|TwinCAT OS (x64).ActiveCfg = Release|TwinCAT OS (x64)
		{632B1F5F-AA30-43E3-BCE5-9874EEC07F8F}.Release|TwinCAT OS (x64).Build.0 = Release|TwinCAT OS (x64)
		{632B1F5F-AA30-43E3-BCE5-9874EEC07F8F}.Release|TwinCAT RT (x64).ActiveCfg = Release|TwinCAT RT (x64)
		{632B1F5F-AA30-43E3-BCE5-9874EEC07F8F}.Release|TwinCAT RT (x64).Build.0 = Release|TwinCAT RT (x64)
		{632B1F5F-AA30-43E3-BCE5-9874EEC07F8F}.Release|TwinCAT RT (x86).ActiveCfg = Release|TwinCAT RT (x86)
		{632B1F5F-AA30-43E3-BCE5-9874EEC07F8F}.Release|TwinCAT RT (x86).Build.0 = Release|TwinCAT RT (x86)
		{44641464-ED62-455E-9C58-59A90B59F281}.Debug|TwinCAT OS (ARMV7-A).ActiveCfg = Debug|TwinCAT OS (ARMV7-A)
		{44641464-ED62-455E-9C58-59A90B59F281}.Debug|TwinCAT OS (ARMV7-A).Build.0 = Debug|TwinCAT OS (ARMV7-A)
		{44641464-ED62-455E-9C58-59A90B59F281}.Debug|TwinCAT OS (ARMV7-M).ActiveCfg = Debug|TwinCAT OS (ARMV7-M)
		{44641464-ED62-455E-9C58-59A90B59F281}.Debug|TwinCAT OS (ARMV7-M).Build.0 = Debug|TwinCAT OS (ARMV7-M)
		{44641464-ED62-455E-9C58-59A90B59F281}.Debug|TwinCAT OS (ARMV8-A).ActiveCfg = Debug|TwinCAT OS (ARMV8-A)
		{44641464-ED62-455E-9C58-59A90B59F281}.Debug|TwinCAT OS (ARMV8-A).Build.0 = Debug|TwinCAT OS (ARMV8-A)
		{44641464-ED62-455E-9C58-59A90B59F281}.Debug|TwinCAT OS (x64).ActiveCfg = Debug|TwinCAT OS (x64)
		{44641464-ED62-455E-9C58-59A90B59F281}.Debug|TwinCAT OS (x64).Build.0 = Debug|TwinCAT OS (x64)
		{44641464-ED62-455E-9C58-59A90B59F281}.Debug|TwinCAT RT (x64).ActiveCfg = Debug|TwinCAT RT (x64)
		{44641464-ED62-455E-9C58-59A90B59F281}.Debug|TwinCAT RT (x64).Build.0 = Debug|TwinCAT RT (x64)
		{44641464-ED62-455E-9C58-59A90B59F281}.Debug|TwinCAT RT (x86).ActiveCfg = Debug|TwinCAT RT (x86)
		{44641464-ED62-455E-9C58-59A90B59F281}.Debug|TwinCAT RT (x86).Build.0 = Debug|TwinCAT RT (x86)
		{44641464-ED62-455E-9C58-59A90B59F281}.Release|TwinCAT OS (ARMV7-A).ActiveCfg = Release|TwinCAT OS (ARMV7-A)
		{44641464-ED62-455E-9C58-59A90B59F281}.Release|TwinCAT OS (ARMV7-A).Build.0 = Release|TwinCAT OS (ARMV7-A)
		{44641464-ED62-455E-9C58-59A90B59F281}.Release|TwinCAT OS (ARMV7-M).ActiveCfg = Release|TwinCAT OS (ARMV7-M)
		{44641464-ED62-455E-9C58-59A90B59F281}.Release|TwinCAT OS (ARMV7-M).Build.0 = Release|TwinCAT OS (ARMV7-M)
		{44641464-ED62-455E-9C58-59A90B59F281}.Release|TwinCAT OS (ARMV8-A).ActiveCfg = Release|TwinCAT OS (ARMV8-A)
		{44641464-ED62-455E-9C58-59A90B59F281}.Release|TwinCAT OS (ARMV8-A).Build.0 = Release|TwinCAT OS (ARMV8-A)
		{44641464-ED62-455E-9C58-59A90B59F281}.Release|TwinCAT OS (x64).ActiveCfg = Release|TwinCAT OS (x64)
		{44641464-ED62-455E-9C58-59A90B59F281}.Release|TwinCAT OS (x64).Build.0 = Release|TwinCAT OS (x64)
		{44641464-ED62-455E-9C58-59A90B59F281}.Release|TwinCAT RT (x64).ActiveCfg = Release|TwinCAT RT (x64)
		{44641464-ED62-455E-9C58-59A90B59F281}.Release|TwinCAT RT (x64).Build.0 = Release|TwinCAT RT (x64)
		{44641464-ED62-455E-9C58-59A90B59F281}.Release|TwinCAT RT (x86).ActiveCfg = Release|TwinCAT RT (x86)
		{44641464-ED62-455E-9C58-59A90B59F281}.Release|TwinCAT RT (x86).Build.0 = Release|TwinCAT RT (x86)
	EndGlobalSection
	GlobalSection(SolutionProperties) = preSolution
		HideSolutionNode = FALSE
	EndGlobalSection
	GlobalSection(ExtensibilityGlobals) = postSolution
		SolutionGuid = {40157A1F-4ABB-44A3-88F1-04484CBA8137}
	EndGlobalSection
EndGlobal
